// !$*UTF8*$!
{
	archiveVersion = 1;
	classes = {
	};
	objectVersion = 46;
	objects = {

/* Begin PBXBuildFile section */
		CECF77951C361A9900835D1B /* UIViewController+Logging.m in Sources */ = {isa = PBXBuildFile; fileRef = CECF77941C361A9900835D1B /* UIViewController+Logging.m */; };
		CECF77981C36C85D00835D1B /* CA.m in Sources */ = {isa = PBXBuildFile; fileRef = CECF77971C36C85D00835D1B /* CA.m */; };
		CEFC63291C357ED5000155C0 /* main.m in Sources */ = {isa = PBXBuildFile; fileRef = CEFC63281C357ED5000155C0 /* main.m */; };
		CEFC632C1C357ED5000155C0 /* AppDelegate.m in Sources */ = {isa = PBXBuildFile; fileRef = CEFC632B1C357ED5000155C0 /* AppDelegate.m */; };
		CEFC632F1C357ED5000155C0 /* ViewController.m in Sources */ = {isa = PBXBuildFile; fileRef = CEFC632E1C357ED5000155C0 /* ViewController.m */; };
		CEFC63321C357ED5000155C0 /* Main.storyboard in Resources */ = {isa = PBXBuildFile; fileRef = CEFC63301C357ED5000155C0 /* Main.storyboard */; };
		CEFC63341C357ED5000155C0 /* Assets.xcassets in Resources */ = {isa = PBXBuildFile; fileRef = CEFC63331C357ED5000155C0 /* Assets.xcassets */; };
		CEFC63371C357ED5000155C0 /* LaunchScreen.storyboard in Resources */ = {isa = PBXBuildFile; fileRef = CEFC63351C357ED5000155C0 /* LaunchScreen.storyboard */; };
		CEFC63421C357ED5000155C0 /* AOPsTests.m in Sources */ = {isa = PBXBuildFile; fileRef = CEFC63411C357ED5000155C0 /* AOPsTests.m */; };
		CEFC634D1C357ED5000155C0 /* AOPsUITests.m in Sources */ = {isa = PBXBuildFile; fileRef = CEFC634C1C357ED5000155C0 /* AOPsUITests.m */; };
/* End PBXBuildFile section */

/* Begin PBXContainerItemProxy section */
		CEFC633E1C357ED5000155C0 /* PBXContainerItemProxy */ = {
			isa = PBXContainerItemProxy;
			containerPortal = CEFC631C1C357ED5000155C0 /* Project object */;
			proxyType = 1;
			remoteGlobalIDString = CEFC63231C357ED5000155C0;
			remoteInfo = AOPs;
		};
		CEFC63491C357ED5000155C0 /* PBXContainerItemProxy */ = {
			isa = PBXContainerItemProxy;
			containerPortal = CEFC631C1C357ED5000155C0 /* Project object */;
			proxyType = 1;
			remoteGlobalIDString = CEFC63231C357ED5000155C0;
			remoteInfo = AOPs;
		};
/* End PBXContainerItemProxy section */

/* Begin PBXFileReference section */
		CECF77931C361A9900835D1B /* UIViewController+Logging.h */ = {isa = PBXFileReference; fileEncoding = 4; lastKnownFileType = sourcecode.c.h; path = "UIViewController+Logging.h"; sourceTree = "<group>"; };
		CECF77941C361A9900835D1B /* UIViewController+Logging.m */ = {isa = PBXFileReference; fileEncoding = 4; lastKnownFileType = sourcecode.c.objc; path = "UIViewController+Logging.m"; sourceTree = "<group>"; };
		CECF77961C36C85D00835D1B /* CA.h */ = {isa = PBXFileReference; fileEncoding = 4; lastKnownFileType = sourcecode.c.h; path = CA.h; sourceTree = "<group>"; };
		CECF77971C36C85D00835D1B /* CA.m */ = {isa = PBXFileReference; fileEncoding = 4; lastKnownFileType = sourcecode.c.objc; path = CA.m; sourceTree = "<group>"; };
		CEFC63241C357ED5000155C0 /* AOPs.app */ = {isa = PBXFileReference; explicitFileType = wrapper.application; includeInIndex = 0; path = AOPs.app; sourceTree = BUILT_PRODUCTS_DIR; };
		CEFC63281C357ED5000155C0 /* main.m */ = {isa = PBXFileReference; lastKnownFileType = sourcecode.c.objc; path = main.m; sourceTree = "<group>"; };
		CEFC632A1C357ED5000155C0 /* AppDelegate.h */ = {isa = PBXFileReference; lastKnownFileType = sourcecode.c.h; path = AppDelegate.h; sourceTree = "<group>"; };
		CEFC632B1C357ED5000155C0 /* AppDelegate.m */ = {isa = PBXFileReference; lastKnownFileType = sourcecode.c.objc; path = AppDelegate.m; sourceTree = "<group>"; };
		CEFC632D1C357ED5000155C0 /* ViewController.h */ = {isa = PBXFileReference; lastKnownFileType = sourcecode.c.h; path = ViewController.h; sourceTree = "<group>"; };
		CEFC632E1C357ED5000155C0 /* ViewController.m */ = {isa = PBXFileReference; lastKnownFileType = sourcecode.c.objc; path = ViewController.m; sourceTree = "<group>"; };
		CEFC63311C357ED5000155C0 /* Base */ = {isa = PBXFileReference; lastKnownFileType = file.storyboard; name = Base; path = Base.lproj/Main.storyboard; sourceTree = "<group>"; };
		CEFC63331C357ED5000155C0 /* Assets.xcassets */ = {isa = PBXFileReference; lastKnownFileType = folder.assetcatalog; path = Assets.xcassets; sourceTree = "<group>"; };
		CEFC63361C357ED5000155C0 /* Base */ = {isa = PBXFileReference; lastKnownFileType = file.storyboard; name = Base; path = Base.lproj/LaunchScreen.storyboard; sourceTree = "<group>"; };
		CEFC63381C357ED5000155C0 /* Info.plist */ = {isa = PBXFileReference; lastKnownFileType = text.plist.xml; path = Info.plist; sourceTree = "<group>"; };
		CEFC633D1C357ED5000155C0 /* AOPsTests.xctest */ = {isa = PBXFileReference; explicitFileType = wrapper.cfbundle; includeInIndex = 0; path = AOPsTests.xctest; sourceTree = BUILT_PRODUCTS_DIR; };
		CEFC63411C357ED5000155C0 /* AOPsTests.m */ = {isa = PBXFileReference; lastKnownFileType = sourcecode.c.objc; path = AOPsTests.m; sourceTree = "<group>"; };
		CEFC63431C357ED5000155C0 /* Info.plist */ = {isa = PBXFileReference; lastKnownFileType = text.plist.xml; path = Info.plist; sourceTree = "<group>"; };
		CEFC63481C357ED5000155C0 /* AOPsUITests.xctest */ = {isa = PBXFileReference; explicitFileType = wrapper.cfbundle; includeInIndex = 0; path = AOPsUITests.xctest; sourceTree = BUILT_PRODUCTS_DIR; };
		CEFC634C1C357ED5000155C0 /* AOPsUITests.m */ = {isa = PBXFileReference; lastKnownFileType = sourcecode.c.objc; path = AOPsUITests.m; sourceTree = "<group>"; };
		CEFC634E1C357ED5000155C0 /* Info.plist */ = {isa = PBXFileReference; lastKnownFileType = text.plist.xml; path = Info.plist; sourceTree = "<group>"; };
/* End PBXFileReference section */

/* Begin PBXFrameworksBuildPhase section */
		CEFC63211C357ED5000155C0 /* Frameworks */ = {
			isa = PBXFrameworksBuildPhase;
			buildActionMask = 2147483647;
			files = (
			);
			runOnlyForDeploymentPostprocessing = 0;
		};
		CEFC633A1C357ED5000155C0 /* Frameworks */ = {
			isa = PBXFrameworksBuildPhase;
			buildActionMask = 2147483647;
			files = (
			);
			runOnlyForDeploymentPostprocessing = 0;
		};
		CEFC63451C357ED5000155C0 /* Frameworks */ = {
			isa = PBXFrameworksBuildPhase;
			buildActionMask = 2147483647;
			files = (
			);
			runOnlyForDeploymentPostprocessing = 0;
		};
/* End PBXFrameworksBuildPhase section */

/* Begin PBXGroup section */
		CEFC631B1C357ED5000155C0 = {
			isa = PBXGroup;
			children = (
				CEFC63261C357ED5000155C0 /* AOPs */,
				CEFC63401C357ED5000155C0 /* AOPsTests */,
				CEFC634B1C357ED5000155C0 /* AOPsUITests */,
				CEFC63251C357ED5000155C0 /* Products */,
			);
			sourceTree = "<group>";
		};
		CEFC63251C357ED5000155C0 /* Products */ = {
			isa = PBXGroup;
			children = (
				CEFC63241C357ED5000155C0 /* AOPs.app */,
				CEFC633D1C357ED5000155C0 /* AOPsTests.xctest */,
				CEFC63481C357ED5000155C0 /* AOPsUITests.xctest */,
			);
			name = Products;
			sourceTree = "<group>";
		};
		CEFC63261C357ED5000155C0 /* AOPs */ = {
			isa = PBXGroup;
			children = (
				CEFC632A1C357ED5000155C0 /* AppDelegate.h */,
				CEFC632B1C357ED5000155C0 /* AppDelegate.m */,
				CEFC632D1C357ED5000155C0 /* ViewController.h */,
				CEFC632E1C357ED5000155C0 /* ViewController.m */,
				CECF77931C361A9900835D1B /* UIViewController+Logging.h */,
				CECF77941C361A9900835D1B /* UIViewController+Logging.m */,
				CECF77961C36C85D00835D1B /* CA.h */,
				CECF77971C36C85D00835D1B /* CA.m */,
				CEFC63301C357ED5000155C0 /* Main.storyboard */,
				CEFC63331C357ED5000155C0 /* Assets.xcassets */,
				CEFC63351C357ED5000155C0 /* LaunchScreen.storyboard */,
				CEFC63381C357ED5000155C0 /* Info.plist */,
				CEFC63271C357ED5000155C0 /* Supporting Files */,
			);
			path = AOPs;
			sourceTree = "<group>";
		};
		CEFC63271C357ED5000155C0 /* Supporting Files */ = {
			isa = PBXGroup;
			children = (
				CEFC63281C357ED5000155C0 /* main.m */,
			);
			name = "Supporting Files";
			sourceTree = "<group>";
		};
		CEFC63401C357ED5000155C0 /* AOPsTests */ = {
			isa = PBXGroup;
			children = (
				CEFC63411C357ED5000155C0 /* AOPsTests.m */,
				CEFC63431C357ED5000155C0 /* Info.plist */,
			);
			path = AOPsTests;
			sourceTree = "<group>";
		};
		CEFC634B1C357ED5000155C0 /* AOPsUITests */ = {
			isa = PBXGroup;
			children = (
				CEFC634C1C357ED5000155C0 /* AOPsUITests.m */,
				CEFC634E1C357ED5000155C0 /* Info.plist */,
			);
			path = AOPsUITests;
			sourceTree = "<group>";
		};
/* End PBXGroup section */

/* Begin PBXNativeTarget section */
		CEFC63231C357ED5000155C0 /* AOPs */ = {
			isa = PBXNativeTarget;
			buildConfigurationList = CEFC63511C357ED5000155C0 /* Build configuration list for PBXNativeTarget "AOPs" */;
			buildPhases = (
				CEFC63201C357ED5000155C0 /* Sources */,
				CEFC63211C357ED5000155C0 /* Frameworks */,
				CEFC63221C357ED5000155C0 /* Resources */,
			);
			buildRules = (
			);
			dependencies = (
			);
			name = AOPs;
			productName = AOPs;
			productReference = CEFC63241C357ED5000155C0 /* AOPs.app */;
			productType = "com.apple.product-type.application";
		};
		CEFC633C1C357ED5000155C0 /* AOPsTests */ = {
			isa = PBXNativeTarget;
			buildConfigurationList = CEFC63541C357ED5000155C0 /* Build configuration list for PBXNativeTarget "AOPsTests" */;
			buildPhases = (
				CEFC63391C357ED5000155C0 /* Sources */,
				CEFC633A1C357ED5000155C0 /* Frameworks */,
				CEFC633B1C357ED5000155C0 /* Resources */,
			);
			buildRules = (
			);
			dependencies = (
				CEFC633F1C357ED5000155C0 /* PBXTargetDependency */,
			);
			name = AOPsTests;
			productName = AOPsTests;
			productReference = CEFC633D1C357ED5000155C0 /* AOPsTests.xctest */;
			productType = "com.apple.product-type.bundle.unit-test";
		};
		CEFC63471C357ED5000155C0 /* AOPsUITests */ = {
			isa = PBXNativeTarget;
			buildConfigurationList = CEFC63571C357ED5000155C0 /* Build configuration list for PBXNativeTarget "AOPsUITests" */;
			buildPhases = (
				CEFC63441C357ED5000155C0 /* Sources */,
				CEFC63451C357ED5000155C0 /* Frameworks */,
				CEFC63461C357ED5000155C0 /* Resources */,
			);
			buildRules = (
			);
			dependencies = (
				CEFC634A1C357ED5000155C0 /* PBXTargetDependency */,
			);
			name = AOPsUITests;
			productName = AOPsUITests;
			productReference = CEFC63481C357ED5000155C0 /* AOPsUITests.xctest */;
			productType = "com.apple.product-type.bundle.ui-testing";
		};
/* End PBXNativeTarget section */

/* Begin PBXProject section */
		CEFC631C1C357ED5000155C0 /* Project object */ = {
			isa = PBXProject;
			attributes = {
				LastUpgradeCheck = 0720;
				ORGANIZATIONNAME = User;
				TargetAttributes = {
					CEFC63231C357ED5000155C0 = {
						CreatedOnToolsVersion = 7.2;
					};
					CEFC633C1C357ED5000155C0 = {
						CreatedOnToolsVersion = 7.2;
						TestTargetID = CEFC63231C357ED5000155C0;
					};
					CEFC63471C357ED5000155C0 = {
						CreatedOnToolsVersion = 7.2;
						TestTargetID = CEFC63231C357ED5000155C0;
					};
				};
			};
			buildConfigurationList = CEFC631F1C357ED5000155C0 /* Build configuration list for PBXProject "AOPs" */;
			compatibilityVersion = "Xcode 3.2";
			developmentRegion = English;
			hasScannedForEncodings = 0;
			knownRegions = (
				en,
				Base,
			);
			mainGroup = CEFC631B1C357ED5000155C0;
			productRefGroup = CEFC63251C357ED5000155C0 /* Products */;
			projectDirPath = "";
			projectRoot = "";
			targets = (
				CEFC63231C357ED5000155C0 /* AOPs */,
				CEFC633C1C357ED5000155C0 /* AOPsTests */,
				CEFC63471C357ED5000155C0 /* AOPsUITests */,
			);
		};
/* End PBXProject section */

/* Begin PBXResourcesBuildPhase section */
		CEFC63221C357ED5000155C0 /* Resources */ = {
			isa = PBXResourcesBuildPhase;
			buildActionMask = 2147483647;
			files = (
				CEFC63371C357ED5000155C0 /* LaunchScreen.storyboard in Resources */,
				CEFC63341C357ED5000155C0 /* Assets.xcassets in Resources */,
				CEFC63321C357ED5000155C0 /* Main.storyboard in Resources */,
			);
			runOnlyForDeploymentPostprocessing = 0;
		};
		CEFC633B1C357ED5000155C0 /* Resources */ = {
			isa = PBXResourcesBuildPhase;
			buildActionMask = 2147483647;
			files = (
			);
			runOnlyForDeploymentPostprocessing = 0;
		};
		CEFC63461C357ED5000155C0 /* Resources */ = {
			isa = PBXResourcesBuildPhase;
			buildActionMask = 2147483647;
			files = (
			);
			runOnlyForDeploymentPostprocessing = 0;
		};
/* End PBXResourcesBuildPhase section */

/* Begin PBXSourcesBuildPhase section */
		CEFC63201C357ED5000155C0 /* Sources */ = {
			isa = PBXSourcesBuildPhase;
			buildActionMask = 2147483647;
			files = (
				CECF77951C361A9900835D1B /* UIViewController+Logging.m in Sources */,
				CEFC632F1C357ED5000155C0 /* ViewController.m in Sources */,
				CEFC632C1C357ED5000155C0 /* AppDelegate.m in Sources */,
				CEFC63291C357ED5000155C0 /* main.m in Sources */,
				CECF77981C36C85D00835D1B /* CA.m in Sources */,
			);
			runOnlyForDeploymentPostprocessing = 0;
		};
		CEFC63391C357ED5000155C0 /* Sources */ = {
			isa = PBXSourcesBuildPhase;
			buildActionMask = 2147483647;
			files = (
				CEFC63421C357ED5000155C0 /* AOPsTests.m in Sources */,
			);
			runOnlyForDeploymentPostprocessing = 0;
		};
		CEFC63441C357ED5000155C0 /* Sources */ = {
			isa = PBXSourcesBuildPhase;
			buildActionMask = 2147483647;
			files = (
				CEFC634D1C357ED5000155C0 /* AOPsUITests.m in Sources */,
			);
			runOnlyForDeploymentPostprocessing = 0;
		};
/* End PBXSourcesBuildPhase section */

/* Begin PBXTargetDependency section */
		CEFC633F1C357ED5000155C0 /* PBXTargetDependency */ = {
			isa = PBXTargetDependency;
			target = CEFC63231C357ED5000155C0 /* AOPs */;
			targetProxy = CEFC633E1C357ED5000155C0 /* PBXContainerItemProxy */;
		};
		CEFC634A1C357ED5000155C0 /* PBXTargetDependency */ = {
			isa = PBXTargetDependency;
			target = CEFC63231C357ED5000155C0 /* AOPs */;
			targetProxy = CEFC63491C357ED5000155C0 /* PBXContainerItemProxy */;
		};
/* End PBXTargetDependency section */

/* Begin PBXVariantGroup section */
		CEFC63301C357ED5000155C0 /* Main.storyboard */ = {
			isa = PBXVariantGroup;
			children = (
				CEFC63311C357ED5000155C0 /* Base */,
			);
			name = Main.storyboard;
			sourceTree = "<group>";
		};
		CEFC63351C357ED5000155C0 /* LaunchScreen.storyboard */ = {
			isa = PBXVariantGroup;
			children = (
				CEFC63361C357ED5000155C0 /* Base */,
			);
			name = LaunchScreen.storyboard;
			sourceTree = "<group>";
		};
/* End PBXVariantGroup section */

/* Begin XCBuildConfiguration section */
		CEFC634F1C357ED5000155C0 /* Debug */ = {
			isa = XCBuildConfiguration;
			buildSettings = {
				ALWAYS_SEARCH_USER_PATHS = NO;
				CLANG_CXX_LANGUAGE_STANDARD = "gnu++0x";
				CLANG_CXX_LIBRARY = "libc++";
				CLANG_ENABLE_MODULES = YES;
				CLANG_ENABLE_OBJC_ARC = YES;
				CLANG_WARN_BOOL_CONVERSION = YES;
				CLANG_WARN_CONSTANT_CONVERSION = YES;
				CLANG_WARN_DIRECT_OBJC_ISA_USAGE = YES_ERROR;
				CLANG_WARN_EMPTY_BODY = YES;
				CLANG_WARN_ENUM_CONVERSION = YES;
				CLANG_WARN_INT_CONVERSION = YES;
				CLANG_WARN_OBJC_ROOT_CLASS = YES_ERROR;
				CLANG_WARN_UNREACHABLE_CODE = YES;
				CLANG_WARN__DUPLICATE_METHOD_MATCH = YES;
				"CODE_SIGN_IDENTITY[sdk=iphoneos*]" = "iPhone Developer";
				COPY_PHASE_STRIP = NO;
				DEBUG_INFORMATION_FORMAT = dwarf;
				ENABLE_STRICT_OBJC_MSGSEND = YES;
				ENABLE_TESTABILITY = YES;
				GCC_C_LANGUAGE_STANDARD = gnu99;
				GCC_DYNAMIC_NO_PIC = NO;
				GCC_NO_COMMON_BLOCKS = YES;
				GCC_OPTIMIZATION_LEVEL = 0;
				GCC_PREPROCESSOR_DEFINITIONS = (
					"DEBUG=1",
					"$(inherited)",
				);
				GCC_WARN_64_TO_32_BIT_CONVERSION = YES;
				GCC_WARN_ABOUT_RETURN_TYPE = YES_ERROR;
				GCC_WARN_UNDECLARED_SELECTOR = YES;
				GCC_WARN_UNINITIALIZED_AUTOS = YES_AGGRESSIVE;
				GCC_WARN_UNUSED_FUNCTION = YES;
				GCC_WARN_UNUSED_VARIABLE = YES;
				IPHONEOS_DEPLOYMENT_TARGET = 9.2;
				MTL_ENABLE_DEBUG_INFO = YES;
				ONLY_ACTIVE_ARCH = YES;
				SDKROOT = iphoneos;
				TARGETED_DEVICE_FAMILY = "1,2";
			};
			name = Debug;
		};
		CEFC63501C357ED5000155C0 /* Release */ = {
			isa = XCBuildConfiguration;
			buildSettings = {
				ALWAYS_SEARCH_USER_PATHS = NO;
				CLANG_CXX_LANGUAGE_STANDARD = "gnu++0x";
				CLANG_CXX_LIBRARY = "libc++";
				CLANG_ENABLE_MODULES = YES;
				CLANG_ENABLE_OBJC_ARC = YES;
				CLANG_WARN_BOOL_CONVERSION = YES;
				CLANG_WARN_CONSTANT_CONVERSION = YES;
				CLANG_WARN_DIRECT_OBJC_ISA_USAGE = YES_ERROR;
				CLANG_WARN_EMPTY_BODY = YES;
				CLANG_WARN_ENUM_CONVERSION = YES;
				CLANG_WARN_INT_CONVERSION = YES;
				CLANG_WARN_OBJC_ROOT_CLASS = YES_ERROR;
				CLANG_WARN_UNREACHABLE_CODE = YES;
				CLANG_WARN__DUPLICATE_METHOD_MATCH = YES;
				"CODE_SIGN_IDENTITY[sdk=iphoneos*]" = "iPhone Developer";
				COPY_PHASE_STRIP = NO;
				DEBUG_INFORMATION_FORMAT = "dwarf-with-dsym";
				ENABLE_NS_ASSERTIONS = NO;
				ENABLE_STRICT_OBJC_MSGSEND = YES;
				GCC_C_LANGUAGE_STANDARD = gnu99;
				GCC_NO_COMMON_BLOCKS = YES;
				GCC_WARN_64_TO_32_BIT_CONVERSION = YES;
				GCC_WARN_ABOUT_RETURN_TYPE = YES_ERROR;
				GCC_WARN_UNDECLARED_SELECTOR = YES;
				GCC_WARN_UNINITIALIZED_AUTOS = YES_AGGRESSIVE;
				GCC_WARN_UNUSED_FUNCTION = YES;
				GCC_WARN_UNUSED_VARIABLE = YES;
				IPHONEOS_DEPLOYMENT_TARGET = 9.2;
				MTL_ENABLE_DEBUG_INFO = NO;
				SDKROOT = iphoneos;
				TARGETED_DEVICE_FAMILY = "1,2";
				VALIDATE_PRODUCT = YES;
			};
			name = Release;
		};
		CEFC63521C357ED5000155C0 /* Debug */ = {
			isa = XCBuildConfiguration;
			buildSettings = {
				ASSETCATALOG_COMPILER_APPICON_NAME = AppIcon;
				INFOPLIST_FILE = AOPs/Info.plist;
				LD_RUNPATH_SEARCH_PATHS = "$(inherited) @executable_path/Frameworks";
				PRODUCT_BUNDLE_IDENTIFIER = com.AOPs;
				PRODUCT_NAME = "$(TARGET_NAME)";
			};
			name = Debug;
		};
		CEFC63531C357ED5000155C0 /* Release */ = {
			isa = XCBuildConfiguration;
			buildSettings = {
				ASSETCATALOG_COMPILER_APPICON_NAME = AppIcon;
				INFOPLIST_FILE = AOPs/Info.plist;
				LD_RUNPATH_SEARCH_PATHS = "$(inherited) @executable_path/Frameworks";
				PRODUCT_BUNDLE_IDENTIFIER = com.AOPs;
				PRODUCT_NAME = "$(TARGET_NAME)";
			};
			name = Release;
		};
		CEFC63551C357ED5000155C0 /* Debug */ = {
			isa = XCBuildConfiguration;
			buildSettings = {
				BUNDLE_LOADER = "$(TEST_HOST)";
				INFOPLIST_FILE = AOPsTests/Info.plist;
				LD_RUNPATH_SEARCH_PATHS = "$(inherited) @executable_path/Frameworks @loader_path/Frameworks";
				PRODUCT_BUNDLE_IDENTIFIER = com.AOPsTests;
				PRODUCT_NAME = "$(TARGET_NAME)";
				TEST_HOST = "$(BUILT_PRODUCTS_DIR)/AOPs.app/AOPs";
			};
			name = Debug;
		};
		CEFC63561C357ED5000155C0 /* Release */ = {
			isa = XCBuildConfiguration;
			buildSettings = {
				BUNDLE_LOADER = "$(TEST_HOST)";
				INFOPLIST_FILE = AOPsTests/Info.plist;
				LD_RUNPATH_SEARCH_PATHS = "$(inherited) @executable_path/Frameworks @loader_path/Frameworks";
				PRODUCT_BUNDLE_IDENTIFIER = com.AOPsTests;
				PRODUCT_NAME = "$(TARGET_NAME)";
				TEST_HOST = "$(BUILT_PRODUCTS_DIR)/AOPs.app/AOPs";
			};
			name = Release;
		};
		CEFC63581C357ED5000155C0 /* Debug */ = {
			isa = XCBuildConfiguration;
			buildSettings = {
				INFOPLIST_FILE = AOPsUITests/Info.plist;
				LD_RUNPATH_SEARCH_PATHS = "$(inherited) @executable_path/Frameworks @loader_path/Frameworks";
				PRODUCT_BUNDLE_IDENTIFIER = com.AOPsUITests;
				PRODUCT_NAME = "$(TARGET_NAME)";
				TEST_TARGET_NAME = AOPs;
				USES_XCTRUNNER = YES;
			};
			name = Debug;
		};
		CEFC63591C357ED5000155C0 /* Release */ = {
			isa = XCBuildConfiguration;
			buildSettings = {
				INFOPLIST_FILE = AOPsUITests/Info.plist;
				LD_RUNPATH_SEARCH_PATHS = "$(inherited) @executable_path/Frameworks @loader_path/Frameworks";
				PRODUCT_BUNDLE_IDENTIFIER = com.AOPsUITests;
				PRODUCT_NAME = "$(TARGET_NAME)";
				TEST_TARGET_NAME = AOPs;
				USES_XCTRUNNER = YES;
			};
			name = Release;
		};
/* End XCBuildConfiguration section */

/* Begin XCConfigurationList section */
		CEFC631F1C357ED5000155C0 /* Build configuration list for PBXProject "AOPs" */ = {
			isa = XCConfigurationList;
			buildConfigurations = (
				CEFC634F1C357ED5000155C0 /* Debug */,
				CEFC63501C357ED5000155C0 /* Release */,
			);
			defaultConfigurationIsVisible = 0;
			defaultConfigurationName = Release;
		};
		CEFC63511C357ED5000155C0 /* Build configuration list for PBXNativeTarget "AOPs" */ = {
			isa = XCConfigurationList;
			buildConfigurations = (
				CEFC63521C357ED5000155C0 /* Debug */,
				CEFC63531C357ED5000155C0 /* Release */,
			);
			defaultConfigurationIsVisible = 0;
			defaultConfigurationName = Release;
		};
		CEFC63541C357ED5000155C0 /* Build configuration list for PBXNativeTarget "AOPsTests" */ = {
			isa = XCConfigurationList;
			buildConfigurations = (
				CEFC63551C357ED5000155C0 /* Debug */,
				CEFC63561C357ED5000155C0 /* Release */,
			);
			defaultConfigurationIsVisible = 0;
			defaultConfigurationName = Release;
		};
		CEFC63571C357ED5000155C0 /* Build configuration list for PBXNativeTarget "AOPsUITests" */ = {
			isa = XCConfigurationList;
			buildConfigurations = (
				CEFC63581C357ED5000155C0 /* Debug */,
				CEFC63591C357ED5000155C0 /* Release */,
			);
			defaultConfigurationIsVisible = 0;
			defaultConfigurationName = Release;
		};
/* End XCConfigurationList section */
	};
	rootObject = CEFC631C1C357ED5000155C0 /* Project object */;
}
